
Microsoft Visual Studio Solution File, Format Version 12.00
# Visual Studio 2013
VisualStudioVersion = 12.0.30723.0
MinimumVisualStudioVersion = 10.0.40219.1
Project("{FAE04EC0-301F-11D3-BF4B-00C04F79EFBC}") = "DotNetEmailTemplater", "DotNetEmailTemplater\DotNetEmailTemplater.csproj", "{CEB30A91-14AE-4000-BC5C-4C8DDB8C0A9B}"
EndProject
Project("{FAE04EC0-301F-11D3-BF4B-00C04F79EFBC}") = "DotNetEmailTemplater.Tests", "DotNetEmailTemplater.Tests\DotNetEmailTemplater.Tests.csproj", "{1D126637-DF25-4C02-98A2-5E43E140AE2A}"
EndProject
Global
	GlobalSection(SolutionConfigurationPlatforms) = preSolution
		Debug|Any CPU = Debug|Any CPU
		Release|Any CPU = Release|Any CPU
	EndGlobalSection
	GlobalSection(ProjectConfigurationPlatforms) = postSolution
		{CEB30A91-14AE-4000-BC5C-4C8DDB8C0A9B}.Debug|Any CPU.ActiveCfg = Debug|Any CPU
		{CEB30A91-14AE-4000-BC5C-4C8DDB8C0A9B}.Debug|Any CPU.Build.0 = Debug|Any CPU
		{CEB30A91-14AE-4000-BC5C-4C8DDB8C0A9B}.Release|Any CPU.ActiveCfg = Release|Any CPU
		{CEB30A91-14AE-4000-BC5C-4C8DDB8C0A9B}.Release|Any CPU.Build.0 = Release|Any CPU
		{1D126637-DF25-4C02-98A2-5E43E140AE2A}.Debug|Any CPU.ActiveCfg = Debug|Any CPU
		{1D126637-DF25-4C02-98A2-5E43E140AE2A}.Debug|Any CPU.Build.0 = Debug|Any CPU
		{1D126637-DF25-4C02-98A2-5E43E140AE2A}.Release|Any CPU.ActiveCfg = Release|Any CPU
		{1D126637-DF25-4C02-98A2-5E43E140AE2A}.Release|Any CPU.Build.0 = Release|Any CPU
	EndGlobalSection
	GlobalSection(SolutionProperties) = preSolution
		HideSolutionNode = FALSE
	EndGlobalSection
EndGlobal
